
Microsoft Visual Studio Solution File, Format Version 12.00
# Visual Studio Version 17
VisualStudioVersion = 17.4.33403.182
MinimumVisualStudioVersion = 10.0.40219.1
Project("{FAE04EC0-301F-11D3-BF4B-00C04F79EFBC}") = "StreamingAccounts.Shared", "StreamingAccounts.Shared\StreamingAccounts.Shared.csproj", "{95A39ACF-8404-4504-97F4-2952B0853E4B}"
EndProject
Project("{FAE04EC0-301F-11D3-BF4B-00C04F79EFBC}") = "StreamingAccounts.API", "StreamingAccounts.API\StreamingAccounts.API.csproj", "{00E9A0A5-1B77-4610-ACAE-A5B689E5DC22}"
EndProject
Project("{FAE04EC0-301F-11D3-BF4B-00C04F79EFBC}") = "StreamingAccounts.WEB", "StreamingAccounts.WEB\StreamingAccounts.WEB.csproj", "{62B6EFD7-3D21-407B-A3FB-A7A56912177C}"
EndProject
Global
	GlobalSection(SolutionConfigurationPlatforms) = preSolution
		Debug|Any CPU = Debug|Any CPU
		Release|Any CPU = Release|Any CPU
	EndGlobalSection
	GlobalSection(ProjectConfigurationPlatforms) = postSolution
		{95A39ACF-8404-4504-97F4-2952B0853E4B}.Debug|Any CPU.ActiveCfg = Debug|Any CPU
		{95A39ACF-8404-4504-97F4-2952B0853E4B}.Debug|Any CPU.Build.0 = Debug|Any CPU
		{95A39ACF-8404-4504-97F4-2952B0853E4B}.Release|Any CPU.ActiveCfg = Release|Any CPU
		{95A39ACF-8404-4504-97F4-2952B0853E4B}.Release|Any CPU.Build.0 = Release|Any CPU
		{00E9A0A5-1B77-4610-ACAE-A5B689E5DC22}.Debug|Any CPU.ActiveCfg = Debug|Any CPU
		{00E9A0A5-1B77-4610-ACAE-A5B689E5DC22}.Debug|Any CPU.Build.0 = Debug|Any CPU
		{00E9A0A5-1B77-4610-ACAE-A5B689E5DC22}.Release|Any CPU.ActiveCfg = Release|Any CPU
		{00E9A0A5-1B77-4610-ACAE-A5B689E5DC22}.Release|Any CPU.Build.0 = Release|Any CPU
		{62B6EFD7-3D21-407B-A3FB-A7A56912177C}.Debug|Any CPU.ActiveCfg = Debug|Any CPU
		{62B6EFD7-3D21-407B-A3FB-A7A56912177C}.Debug|Any CPU.Build.0 = Debug|Any CPU
		{62B6EFD7-3D21-407B-A3FB-A7A56912177C}.Release|Any CPU.ActiveCfg = Release|Any CPU
		{62B6EFD7-3D21-407B-A3FB-A7A56912177C}.Release|Any CPU.Build.0 = Release|Any CPU
	EndGlobalSection
	GlobalSection(SolutionProperties) = preSolution
		HideSolutionNode = FALSE
	EndGlobalSection
	GlobalSection(ExtensibilityGlobals) = postSolution
		SolutionGuid = {993729EB-01F8-44C0-B322-A249EC95A209}
	EndGlobalSection
EndGlobal
